{
  "nodes": {
    "nix-helpers": {
      "locked": {
        "lastModified": 1760317174,
        "narHash": "sha256-i5k0BqW7fDQeKNBwuYoRsJaS1GW0DNXcXPEpV5v3l3Q=",
        "owner": "lorisj",
        "repo": "nix-helpers",
        "rev": "cd7ea35e1d2fe72424a172881d8f9bc1472d88f4",
        "type": "github"
      },
      "original": {
        "owner": "lorisj",
        "ref": "main",
        "repo": "nix-helpers",
        "type": "github"
      }
    },
    "nixpkgs": {
      "locked": {
        "lastModified": 1760038930,
        "narHash": "sha256-Oncbh0UmHjSlxO7ErQDM3KM0A5/Znfofj2BSzlHLeVw=",
        "owner": "nixos",
        "repo": "nixpkgs",
        "rev": "0b4defa2584313f3b781240b29d61f6f9f7e0df3",
        "type": "github"
      },
      "original": {
        "owner": "nixos",
        "ref": "nixos-unstable",
        "repo": "nixpkgs",
        "type": "github"
      }
    },
    "root": {
      "inputs": {
        "nix-helpers": "nix-helpers",
        "nixpkgs": "nixpkgs"
      }
    }
  },
  "root": "root",
  "version": 7
}
